// !$*UTF8*$!
{
	archiveVersion = 1;
	classes = {
	};
	objectVersion = 55;
	objects = {

/* Begin PBXBuildFile section */
		113003FB2A4EDFC300311F3D /* AppDelegate.swift in Sources */ = {isa = PBXBuildFile; fileRef = 113003FA2A4EDFC300311F3D /* AppDelegate.swift */; };
		113003FD2A4EDFC300311F3D /* SceneDelegate.swift in Sources */ = {isa = PBXBuildFile; fileRef = 113003FC2A4EDFC300311F3D /* SceneDelegate.swift */; };
		113003FF2A4EDFC300311F3D /* ViewController.swift in Sources */ = {isa = PBXBuildFile; fileRef = 113003FE2A4EDFC300311F3D /* ViewController.swift */; };
		113004022A4EDFC300311F3D /* Main.storyboard in Resources */ = {isa = PBXBuildFile; fileRef = 113004002A4EDFC300311F3D /* Main.storyboard */; };
		113004042A4EDFC500311F3D /* Assets.xcassets in Resources */ = {isa = PBXBuildFile; fileRef = 113004032A4EDFC500311F3D /* Assets.xcassets */; };
		113004072A4EDFC500311F3D /* LaunchScreen.storyboard in Resources */ = {isa = PBXBuildFile; fileRef = 113004052A4EDFC500311F3D /* LaunchScreen.storyboard */; };
		113004122A4EDFC600311F3D /* HW2Tests.swift in Sources */ = {isa = PBXBuildFile; fileRef = 113004112A4EDFC600311F3D /* HW2Tests.swift */; };
		1130041C2A4EDFC600311F3D /* HW2UITests.swift in Sources */ = {isa = PBXBuildFile; fileRef = 1130041B2A4EDFC600311F3D /* HW2UITests.swift */; };
		1130041E2A4EDFC600311F3D /* HW2UITestsLaunchTests.swift in Sources */ = {isa = PBXBuildFile; fileRef = 1130041D2A4EDFC600311F3D /* HW2UITestsLaunchTests.swift */; };
		116F3F1B2A51725C00098747 /* ListTableViewCell.swift in Sources */ = {isa = PBXBuildFile; fileRef = 116F3F1A2A51725C00098747 /* ListTableViewCell.swift */; };
/* End PBXBuildFile section */

/* Begin PBXContainerItemProxy section */
		1130040E2A4EDFC600311F3D /* PBXContainerItemProxy */ = {
			isa = PBXContainerItemProxy;
			containerPortal = 113003EF2A4EDFC300311F3D /* Project object */;
			proxyType = 1;
			remoteGlobalIDString = 113003F62A4EDFC300311F3D;
			remoteInfo = HW2;
		};
		113004182A4EDFC600311F3D /* PBXContainerItemProxy */ = {
			isa = PBXContainerItemProxy;
			containerPortal = 113003EF2A4EDFC300311F3D /* Project object */;
			proxyType = 1;
			remoteGlobalIDString = 113003F62A4EDFC300311F3D;
			remoteInfo = HW2;
		};
/* End PBXContainerItemProxy section */

/* Begin PBXFileReference section */
		113003F72A4EDFC300311F3D /* HW2.app */ = {isa = PBXFileReference; explicitFileType = wrapper.application; includeInIndex = 0; path = HW2.app; sourceTree = BUILT_PRODUCTS_DIR; };
		113003FA2A4EDFC300311F3D /* AppDelegate.swift */ = {isa = PBXFileReference; lastKnownFileType = sourcecode.swift; path = AppDelegate.swift; sourceTree = "<group>"; };
		113003FC2A4EDFC300311F3D /* SceneDelegate.swift */ = {isa = PBXFileReference; lastKnownFileType = sourcecode.swift; path = SceneDelegate.swift; sourceTree = "<group>"; };
		113003FE2A4EDFC300311F3D /* ViewController.swift */ = {isa = PBXFileReference; lastKnownFileType = sourcecode.swift; path = ViewController.swift; sourceTree = "<group>"; };
		113004012A4EDFC300311F3D /* Base */ = {isa = PBXFileReference; lastKnownFileType = file.storyboard; name = Base; path = Base.lproj/Main.storyboard; sourceTree = "<group>"; };
		113004032A4EDFC500311F3D /* Assets.xcassets */ = {isa = PBXFileReference; lastKnownFileType = folder.assetcatalog; path = Assets.xcassets; sourceTree = "<group>"; };
		113004062A4EDFC500311F3D /* Base */ = {isa = PBXFileReference; lastKnownFileType = file.storyboard; name = Base; path = Base.lproj/LaunchScreen.storyboard; sourceTree = "<group>"; };
		113004082A4EDFC500311F3D /* Info.plist */ = {isa = PBXFileReference; lastKnownFileType = text.plist.xml; path = Info.plist; sourceTree = "<group>"; };
		1130040D2A4EDFC600311F3D /* HW2Tests.xctest */ = {isa = PBXFileReference; explicitFileType = wrapper.cfbundle; includeInIndex = 0; path = HW2Tests.xctest; sourceTree = BUILT_PRODUCTS_DIR; };
		113004112A4EDFC600311F3D /* HW2Tests.swift */ = {isa = PBXFileReference; lastKnownFileType = sourcecode.swift; path = HW2Tests.swift; sourceTree = "<group>"; };
		113004172A4EDFC600311F3D /* HW2UITests.xctest */ = {isa = PBXFileReference; explicitFileType = wrapper.cfbundle; includeInIndex = 0; path = HW2UITests.xctest; sourceTree = BUILT_PRODUCTS_DIR; };
		1130041B2A4EDFC600311F3D /* HW2UITests.swift */ = {isa = PBXFileReference; lastKnownFileType = sourcecode.swift; path = HW2UITests.swift; sourceTree = "<group>"; };
		1130041D2A4EDFC600311F3D /* HW2UITestsLaunchTests.swift */ = {isa = PBXFileReference; lastKnownFileType = sourcecode.swift; path = HW2UITestsLaunchTests.swift; sourceTree = "<group>"; };
		116F3F1A2A51725C00098747 /* ListTableViewCell.swift */ = {isa = PBXFileReference; lastKnownFileType = sourcecode.swift; path = ListTableViewCell.swift; sourceTree = "<group>"; };
/* End PBXFileReference section */

/* Begin PBXFrameworksBuildPhase section */
		113003F42A4EDFC300311F3D /* Frameworks */ = {
			isa = PBXFrameworksBuildPhase;
			buildActionMask = 2147483647;
			files = (
			);
			runOnlyForDeploymentPostprocessing = 0;
		};
		1130040A2A4EDFC600311F3D /* Frameworks */ = {
			isa = PBXFrameworksBuildPhase;
			buildActionMask = 2147483647;
			files = (
			);
			runOnlyForDeploymentPostprocessing = 0;
		};
		113004142A4EDFC600311F3D /* Frameworks */ = {
			isa = PBXFrameworksBuildPhase;
			buildActionMask = 2147483647;
			files = (
			);
			runOnlyForDeploymentPostprocessing = 0;
		};
/* End PBXFrameworksBuildPhase section */

/* Begin PBXGroup section */
		113003EE2A4EDFC300311F3D = {
			isa = PBXGroup;
			children = (
				113003F92A4EDFC300311F3D /* HW2 */,
				113004102A4EDFC600311F3D /* HW2Tests */,
				1130041A2A4EDFC600311F3D /* HW2UITests */,
				113003F82A4EDFC300311F3D /* Products */,
			);
			sourceTree = "<group>";
		};
		113003F82A4EDFC300311F3D /* Products */ = {
			isa = PBXGroup;
			children = (
				113003F72A4EDFC300311F3D /* HW2.app */,
				1130040D2A4EDFC600311F3D /* HW2Tests.xctest */,
				113004172A4EDFC600311F3D /* HW2UITests.xctest */,
			);
			name = Products;
			sourceTree = "<group>";
		};
		113003F92A4EDFC300311F3D /* HW2 */ = {
			isa = PBXGroup;
			children = (
				113003FA2A4EDFC300311F3D /* AppDelegate.swift */,
				113003FC2A4EDFC300311F3D /* SceneDelegate.swift */,
				113003FE2A4EDFC300311F3D /* ViewController.swift */,
				113004002A4EDFC300311F3D /* Main.storyboard */,
				113004032A4EDFC500311F3D /* Assets.xcassets */,
				113004052A4EDFC500311F3D /* LaunchScreen.storyboard */,
				113004082A4EDFC500311F3D /* Info.plist */,
				116F3F1A2A51725C00098747 /* ListTableViewCell.swift */,
			);
			path = HW2;
			sourceTree = "<group>";
		};
		113004102A4EDFC600311F3D /* HW2Tests */ = {
			isa = PBXGroup;
			children = (
				113004112A4EDFC600311F3D /* HW2Tests.swift */,
			);
			path = HW2Tests;
			sourceTree = "<group>";
		};
		1130041A2A4EDFC600311F3D /* HW2UITests */ = {
			isa = PBXGroup;
			children = (
				1130041B2A4EDFC600311F3D /* HW2UITests.swift */,
				1130041D2A4EDFC600311F3D /* HW2UITestsLaunchTests.swift */,
			);
			path = HW2UITests;
			sourceTree = "<group>";
		};
/* End PBXGroup section */

/* Begin PBXNativeTarget section */
		113003F62A4EDFC300311F3D /* HW2 */ = {
			isa = PBXNativeTarget;
			buildConfigurationList = 113004212A4EDFC600311F3D /* Build configuration list for PBXNativeTarget "HW2" */;
			buildPhases = (
				113003F32A4EDFC300311F3D /* Sources */,
				113003F42A4EDFC300311F3D /* Frameworks */,
				113003F52A4EDFC300311F3D /* Resources */,
			);
			buildRules = (
			);
			dependencies = (
			);
			name = HW2;
			productName = HW2;
			productReference = 113003F72A4EDFC300311F3D /* HW2.app */;
			productType = "com.apple.product-type.application";
		};
		1130040C2A4EDFC600311F3D /* HW2Tests */ = {
			isa = PBXNativeTarget;
			buildConfigurationList = 113004242A4EDFC600311F3D /* Build configuration list for PBXNativeTarget "HW2Tests" */;
			buildPhases = (
				113004092A4EDFC600311F3D /* Sources */,
				1130040A2A4EDFC600311F3D /* Frameworks */,
				1130040B2A4EDFC600311F3D /* Resources */,
			);
			buildRules = (
			);
			dependencies = (
				1130040F2A4EDFC600311F3D /* PBXTargetDependency */,
			);
			name = HW2Tests;
			productName = HW2Tests;
			productReference = 1130040D2A4EDFC600311F3D /* HW2Tests.xctest */;
			productType = "com.apple.product-type.bundle.unit-test";
		};
		113004162A4EDFC600311F3D /* HW2UITests */ = {
			isa = PBXNativeTarget;
			buildConfigurationList = 113004272A4EDFC600311F3D /* Build configuration list for PBXNativeTarget "HW2UITests" */;
			buildPhases = (
				113004132A4EDFC600311F3D /* Sources */,
				113004142A4EDFC600311F3D /* Frameworks */,
				113004152A4EDFC600311F3D /* Resources */,
			);
			buildRules = (
			);
			dependencies = (
				113004192A4EDFC600311F3D /* PBXTargetDependency */,
			);
			name = HW2UITests;
			productName = HW2UITests;
			productReference = 113004172A4EDFC600311F3D /* HW2UITests.xctest */;
			productType = "com.apple.product-type.bundle.ui-testing";
		};
/* End PBXNativeTarget section */

/* Begin PBXProject section */
		113003EF2A4EDFC300311F3D /* Project object */ = {
			isa = PBXProject;
			attributes = {
				BuildIndependentTargetsInParallel = 1;
				LastSwiftUpdateCheck = 1320;
				LastUpgradeCheck = 1320;
				TargetAttributes = {
					113003F62A4EDFC300311F3D = {
						CreatedOnToolsVersion = 13.2.1;
					};
					1130040C2A4EDFC600311F3D = {
						CreatedOnToolsVersion = 13.2.1;
						TestTargetID = 113003F62A4EDFC300311F3D;
					};
					113004162A4EDFC600311F3D = {
						CreatedOnToolsVersion = 13.2.1;
						TestTargetID = 113003F62A4EDFC300311F3D;
					};
				};
			};
			buildConfigurationList = 113003F22A4EDFC300311F3D /* Build configuration list for PBXProject "HW2" */;
			compatibilityVersion = "Xcode 13.0";
			developmentRegion = en;
			hasScannedForEncodings = 0;
			knownRegions = (
				en,
				Base,
			);
			mainGroup = 113003EE2A4EDFC300311F3D;
			productRefGroup = 113003F82A4EDFC300311F3D /* Products */;
			projectDirPath = "";
			projectRoot = "";
			targets = (
				113003F62A4EDFC300311F3D /* HW2 */,
				1130040C2A4EDFC600311F3D /* HW2Tests */,
				113004162A4EDFC600311F3D /* HW2UITests */,
			);
		};
/* End PBXProject section */

/* Begin PBXResourcesBuildPhase section */
		113003F52A4EDFC300311F3D /* Resources */ = {
			isa = PBXResourcesBuildPhase;
			buildActionMask = 2147483647;
			files = (
				113004072A4EDFC500311F3D /* LaunchScreen.storyboard in Resources */,
				113004042A4EDFC500311F3D /* Assets.xcassets in Resources */,
				113004022A4EDFC300311F3D /* Main.storyboard in Resources */,
			);
			runOnlyForDeploymentPostprocessing = 0;
		};
		1130040B2A4EDFC600311F3D /* Resources */ = {
			isa = PBXResourcesBuildPhase;
			buildActionMask = 2147483647;
			files = (
			);
			runOnlyForDeploymentPostprocessing = 0;
		};
		113004152A4EDFC600311F3D /* Resources */ = {
			isa = PBXResourcesBuildPhase;
			buildActionMask = 2147483647;
			files = (
			);
			runOnlyForDeploymentPostprocessing = 0;
		};
/* End PBXResourcesBuildPhase section */

/* Begin PBXSourcesBuildPhase section */
		113003F32A4EDFC300311F3D /* Sources */ = {
			isa = PBXSourcesBuildPhase;
			buildActionMask = 2147483647;
			files = (
				113003FF2A4EDFC300311F3D /* ViewController.swift in Sources */,
				116F3F1B2A51725C00098747 /* ListTableViewCell.swift in Sources */,
				113003FB2A4EDFC300311F3D /* AppDelegate.swift in Sources */,
				113003FD2A4EDFC300311F3D /* SceneDelegate.swift in Sources */,
			);
			runOnlyForDeploymentPostprocessing = 0;
		};
		113004092A4EDFC600311F3D /* Sources */ = {
			isa = PBXSourcesBuildPhase;
			buildActionMask = 2147483647;
			files = (
				113004122A4EDFC600311F3D /* HW2Tests.swift in Sources */,
			);
			runOnlyForDeploymentPostprocessing = 0;
		};
		113004132A4EDFC600311F3D /* Sources */ = {
			isa = PBXSourcesBuildPhase;
			buildActionMask = 2147483647;
			files = (
				1130041E2A4EDFC600311F3D /* HW2UITestsLaunchTests.swift in Sources */,
				1130041C2A4EDFC600311F3D /* HW2UITests.swift in Sources */,
			);
			runOnlyForDeploymentPostprocessing = 0;
		};
/* End PBXSourcesBuildPhase section */

/* Begin PBXTargetDependency section */
		1130040F2A4EDFC600311F3D /* PBXTargetDependency */ = {
			isa = PBXTargetDependency;
			target = 113003F62A4EDFC300311F3D /* HW2 */;
			targetProxy = 1130040E2A4EDFC600311F3D /* PBXContainerItemProxy */;
		};
		113004192A4EDFC600311F3D /* PBXTargetDependency */ = {
			isa = PBXTargetDependency;
			target = 113003F62A4EDFC300311F3D /* HW2 */;
			targetProxy = 113004182A4EDFC600311F3D /* PBXContainerItemProxy */;
		};
/* End PBXTargetDependency section */

/* Begin PBXVariantGroup section */
		113004002A4EDFC300311F3D /* Main.storyboard */ = {
			isa = PBXVariantGroup;
			children = (
				113004012A4EDFC300311F3D /* Base */,
			);
			name = Main.storyboard;
			sourceTree = "<group>";
		};
		113004052A4EDFC500311F3D /* LaunchScreen.storyboard */ = {
			isa = PBXVariantGroup;
			children = (
				113004062A4EDFC500311F3D /* Base */,
			);
			name = LaunchScreen.storyboard;
			sourceTree = "<group>";
		};
/* End PBXVariantGroup section */

/* Begin XCBuildConfiguration section */
		1130041F2A4EDFC600311F3D /* Debug */ = {
			isa = XCBuildConfiguration;
			buildSettings = {
				ALWAYS_SEARCH_USER_PATHS = NO;
				CLANG_ANALYZER_NONNULL = YES;
				CLANG_ANALYZER_NUMBER_OBJECT_CONVERSION = YES_AGGRESSIVE;
				CLANG_CXX_LANGUAGE_STANDARD = "gnu++17";
				CLANG_CXX_LIBRARY = "libc++";
				CLANG_ENABLE_MODULES = YES;
				CLANG_ENABLE_OBJC_ARC = YES;
				CLANG_ENABLE_OBJC_WEAK = YES;
				CLANG_WARN_BLOCK_CAPTURE_AUTORELEASING = YES;
				CLANG_WARN_BOOL_CONVERSION = YES;
				CLANG_WARN_COMMA = YES;
				CLANG_WARN_CONSTANT_CONVERSION = YES;
				CLANG_WARN_DEPRECATED_OBJC_IMPLEMENTATIONS = YES;
				CLANG_WARN_DIRECT_OBJC_ISA_USAGE = YES_ERROR;
				CLANG_WARN_DOCUMENTATION_COMMENTS = YES;
				CLANG_WARN_EMPTY_BODY = YES;
				CLANG_WARN_ENUM_CONVERSION = YES;
				CLANG_WARN_INFINITE_RECURSION = YES;
				CLANG_WARN_INT_CONVERSION = YES;
				CLANG_WARN_NON_LITERAL_NULL_CONVERSION = YES;
				CLANG_WARN_OBJC_IMPLICIT_RETAIN_SELF = YES;
				CLANG_WARN_OBJC_LITERAL_CONVERSION = YES;
				CLANG_WARN_OBJC_ROOT_CLASS = YES_ERROR;
				CLANG_WARN_QUOTED_INCLUDE_IN_FRAMEWORK_HEADER = YES;
				CLANG_WARN_RANGE_LOOP_ANALYSIS = YES;
				CLANG_WARN_STRICT_PROTOTYPES = YES;
				CLANG_WARN_SUSPICIOUS_MOVE = YES;
				CLANG_WARN_UNGUARDED_AVAILABILITY = YES_AGGRESSIVE;
				CLANG_WARN_UNREACHABLE_CODE = YES;
				CLANG_WARN__DUPLICATE_METHOD_MATCH = YES;
				COPY_PHASE_STRIP = NO;
				DEBUG_INFORMATION_FORMAT = dwarf;
				ENABLE_STRICT_OBJC_MSGSEND = YES;
				ENABLE_TESTABILITY = YES;
				GCC_C_LANGUAGE_STANDARD = gnu11;
				GCC_DYNAMIC_NO_PIC = NO;
				GCC_NO_COMMON_BLOCKS = YES;
				GCC_OPTIMIZATION_LEVEL = 0;
				GCC_PREPROCESSOR_DEFINITIONS = (
					"DEBUG=1",
					"$(inherited)",
				);
				GCC_WARN_64_TO_32_BIT_CONVERSION = YES;
				GCC_WARN_ABOUT_RETURN_TYPE = YES_ERROR;
				GCC_WARN_UNDECLARED_SELECTOR = YES;
				GCC_WARN_UNINITIALIZED_AUTOS = YES_AGGRESSIVE;
				GCC_WARN_UNUSED_FUNCTION = YES;
				GCC_WARN_UNUSED_VARIABLE = YES;
				IPHONEOS_DEPLOYMENT_TARGET = 15.2;
				MTL_ENABLE_DEBUG_INFO = INCLUDE_SOURCE;
				MTL_FAST_MATH = YES;
				ONLY_ACTIVE_ARCH = YES;
				SDKROOT = iphoneos;
				SWIFT_ACTIVE_COMPILATION_CONDITIONS = DEBUG;
				SWIFT_OPTIMIZATION_LEVEL = "-Onone";
			};
			name = Debug;
		};
		113004202A4EDFC600311F3D /* Release */ = {
			isa = XCBuildConfiguration;
			buildSettings = {
				ALWAYS_SEARCH_USER_PATHS = NO;
				CLANG_ANALYZER_NONNULL = YES;
				CLANG_ANALYZER_NUMBER_OBJECT_CONVERSION = YES_AGGRESSIVE;
				CLANG_CXX_LANGUAGE_STANDARD = "gnu++17";
				CLANG_CXX_LIBRARY = "libc++";
				CLANG_ENABLE_MODULES = YES;
				CLANG_ENABLE_OBJC_ARC = YES;
				CLANG_ENABLE_OBJC_WEAK = YES;
				CLANG_WARN_BLOCK_CAPTURE_AUTORELEASING = YES;
				CLANG_WARN_BOOL_CONVERSION = YES;
				CLANG_WARN_COMMA = YES;
				CLANG_WARN_CONSTANT_CONVERSION = YES;
				CLANG_WARN_DEPRECATED_OBJC_IMPLEMENTATIONS = YES;
				CLANG_WARN_DIRECT_OBJC_ISA_USAGE = YES_ERROR;
				CLANG_WARN_DOCUMENTATION_COMMENTS = YES;
				CLANG_WARN_EMPTY_BODY = YES;
				CLANG_WARN_ENUM_CONVERSION = YES;
				CLANG_WARN_INFINITE_RECURSION = YES;
				CLANG_WARN_INT_CONVERSION = YES;
				CLANG_WARN_NON_LITERAL_NULL_CONVERSION = YES;
				CLANG_WARN_OBJC_IMPLICIT_RETAIN_SELF = YES;
				CLANG_WARN_OBJC_LITERAL_CONVERSION = YES;
				CLANG_WARN_OBJC_ROOT_CLASS = YES_ERROR;
				CLANG_WARN_QUOTED_INCLUDE_IN_FRAMEWORK_HEADER = YES;
				CLANG_WARN_RANGE_LOOP_ANALYSIS = YES;
				CLANG_WARN_STRICT_PROTOTYPES = YES;
				CLANG_WARN_SUSPICIOUS_MOVE = YES;
				CLANG_WARN_UNGUARDED_AVAILABILITY = YES_AGGRESSIVE;
				CLANG_WARN_UNREACHABLE_CODE = YES;
				CLANG_WARN__DUPLICATE_METHOD_MATCH = YES;
				COPY_PHASE_STRIP = NO;
				DEBUG_INFORMATION_FORMAT = "dwarf-with-dsym";
				ENABLE_NS_ASSERTIONS = NO;
				ENABLE_STRICT_OBJC_MSGSEND = YES;
				GCC_C_LANGUAGE_STANDARD = gnu11;
				GCC_NO_COMMON_BLOCKS = YES;
				GCC_WARN_64_TO_32_BIT_CONVERSION = YES;
				GCC_WARN_ABOUT_RETURN_TYPE = YES_ERROR;
				GCC_WARN_UNDECLARED_SELECTOR = YES;
				GCC_WARN_UNINITIALIZED_AUTOS = YES_AGGRESSIVE;
				GCC_WARN_UNUSED_FUNCTION = YES;
				GCC_WARN_UNUSED_VARIABLE = YES;
				IPHONEOS_DEPLOYMENT_TARGET = 15.2;
				MTL_ENABLE_DEBUG_INFO = NO;
				MTL_FAST_MATH = YES;
				SDKROOT = iphoneos;
				SWIFT_COMPILATION_MODE = wholemodule;
				SWIFT_OPTIMIZATION_LEVEL = "-O";
				VALIDATE_PRODUCT = YES;
			};
			name = Release;
		};
		113004222A4EDFC600311F3D /* Debug */ = {
			isa = XCBuildConfiguration;
			buildSettings = {
				ASSETCATALOG_COMPILER_APPICON_NAME = AppIcon;
				ASSETCATALOG_COMPILER_GLOBAL_ACCENT_COLOR_NAME = AccentColor;
				CODE_SIGN_STYLE = Automatic;
				CURRENT_PROJECT_VERSION = 1;
				GENERATE_INFOPLIST_FILE = YES;
				INFOPLIST_FILE = HW2/Info.plist;
				INFOPLIST_KEY_UIApplicationSupportsIndirectInputEvents = YES;
				INFOPLIST_KEY_UILaunchStoryboardName = LaunchScreen;
				INFOPLIST_KEY_UIMainStoryboardFile = Main;
				INFOPLIST_KEY_UISupportedInterfaceOrientations_iPad = "UIInterfaceOrientationPortrait UIInterfaceOrientationPortraitUpsideDown UIInterfaceOrientationLandscapeLeft UIInterfaceOrientationLandscapeRight";
				INFOPLIST_KEY_UISupportedInterfaceOrientations_iPhone = "UIInterfaceOrientationPortrait UIInterfaceOrientationLandscapeLeft UIInterfaceOrientationLandscapeRight";
				LD_RUNPATH_SEARCH_PATHS = (
					"$(inherited)",
					"@executable_path/Frameworks",
				);
				MARKETING_VERSION = 1.0;
				PRODUCT_BUNDLE_IDENTIFIER = Starweb.HW2;
				PRODUCT_NAME = "$(TARGET_NAME)";
				SWIFT_EMIT_LOC_STRINGS = YES;
				SWIFT_VERSION = 5.0;
				TARGETED_DEVICE_FAMILY = "1,2";
			};
			name = Debug;
		};
		113004232A4EDFC600311F3D /* Release */ = {
			isa = XCBuildConfiguration;
			buildSettings = {
				ASSETCATALOG_COMPILER_APPICON_NAME = AppIcon;
				ASSETCATALOG_COMPILER_GLOBAL_ACCENT_COLOR_NAME = AccentColor;
				CODE_SIGN_STYLE = Automatic;
				CURRENT_PROJECT_VERSION = 1;
				GENERATE_INFOPLIST_FILE = YES;
				INFOPLIST_FILE = HW2/Info.plist;
				INFOPLIST_KEY_UIApplicationSupportsIndirectInputEvents = YES;
				INFOPLIST_KEY_UILaunchStoryboardName = LaunchScreen;
				INFOPLIST_KEY_UIMainStoryboardFile = Main;
				INFOPLIST_KEY_UISupportedInterfaceOrientations_iPad = "UIInterfaceOrientationPortrait UIInterfaceOrientationPortraitUpsideDown UIInterfaceOrientationLandscapeLeft UIInterfaceOrientationLandscapeRight";
				INFOPLIST_KEY_UISupportedInterfaceOrientations_iPhone = "UIInterfaceOrientationPortrait UIInterfaceOrientationLandscapeLeft UIInterfaceOrientationLandscapeRight";
				LD_RUNPATH_SEARCH_PATHS = (
					"$(inherited)",
					"@executable_path/Frameworks",
				);
				MARKETING_VERSION = 1.0;
				PRODUCT_BUNDLE_IDENTIFIER = Starweb.HW2;
				PRODUCT_NAME = "$(TARGET_NAME)";
				SWIFT_EMIT_LOC_STRINGS = YES;
				SWIFT_VERSION = 5.0;
				TARGETED_DEVICE_FAMILY = "1,2";
			};
			name = Release;
		};
		113004252A4EDFC600311F3D /* Debug */ = {
			isa = XCBuildConfiguration;
			buildSettings = {
				ALWAYS_EMBED_SWIFT_STANDARD_LIBRARIES = YES;
				BUNDLE_LOADER = "$(TEST_HOST)";
				CODE_SIGN_STYLE = Automatic;
				CURRENT_PROJECT_VERSION = 1;
				GENERATE_INFOPLIST_FILE = YES;
				IPHONEOS_DEPLOYMENT_TARGET = 15.2;
				MARKETING_VERSION = 1.0;
				PRODUCT_BUNDLE_IDENTIFIER = Starweb.HW2Tests;
				PRODUCT_NAME = "$(TARGET_NAME)";
				SWIFT_EMIT_LOC_STRINGS = NO;
				SWIFT_VERSION = 5.0;
				TARGETED_DEVICE_FAMILY = "1,2";
				TEST_HOST = "$(BUILT_PRODUCTS_DIR)/HW2.app/HW2";
			};
			name = Debug;
		};
		113004262A4EDFC600311F3D /* Release */ = {
			isa = XCBuildConfiguration;
			buildSettings = {
				ALWAYS_EMBED_SWIFT_STANDARD_LIBRARIES = YES;
				BUNDLE_LOADER = "$(TEST_HOST)";
				CODE_SIGN_STYLE = Automatic;
				CURRENT_PROJECT_VERSION = 1;
				GENERATE_INFOPLIST_FILE = YES;
				IPHONEOS_DEPLOYMENT_TARGET = 15.2;
				MARKETING_VERSION = 1.0;
				PRODUCT_BUNDLE_IDENTIFIER = Starweb.HW2Tests;
				PRODUCT_NAME = "$(TARGET_NAME)";
				SWIFT_EMIT_LOC_STRINGS = NO;
				SWIFT_VERSION = 5.0;
				TARGETED_DEVICE_FAMILY = "1,2";
				TEST_HOST = "$(BUILT_PRODUCTS_DIR)/HW2.app/HW2";
			};
			name = Release;
		};
		113004282A4EDFC600311F3D /* Debug */ = {
			isa = XCBuildConfiguration;
			buildSettings = {
				ALWAYS_EMBED_SWIFT_STANDARD_LIBRARIES = YES;
				CODE_SIGN_STYLE = Automatic;
				CURRENT_PROJECT_VERSION = 1;
				GENERATE_INFOPLIST_FILE = YES;
				MARKETING_VERSION = 1.0;
				PRODUCT_BUNDLE_IDENTIFIER = Starweb.HW2UITests;
				PRODUCT_NAME = "$(TARGET_NAME)";
				SWIFT_EMIT_LOC_STRINGS = NO;
				SWIFT_VERSION = 5.0;
				TARGETED_DEVICE_FAMILY = "1,2";
				TEST_TARGET_NAME = HW2;
			};
			name = Debug;
		};
		113004292A4EDFC600311F3D /* Release */ = {
			isa = XCBuildConfiguration;
			buildSettings = {
				ALWAYS_EMBED_SWIFT_STANDARD_LIBRARIES = YES;
				CODE_SIGN_STYLE = Automatic;
				CURRENT_PROJECT_VERSION = 1;
				GENERATE_INFOPLIST_FILE = YES;
				MARKETING_VERSION = 1.0;
				PRODUCT_BUNDLE_IDENTIFIER = Starweb.HW2UITests;
				PRODUCT_NAME = "$(TARGET_NAME)";
				SWIFT_EMIT_LOC_STRINGS = NO;
				SWIFT_VERSION = 5.0;
				TARGETED_DEVICE_FAMILY = "1,2";
				TEST_TARGET_NAME = HW2;
			};
			name = Release;
		};
/* End XCBuildConfiguration section */

/* Begin XCConfigurationList section */
		113003F22A4EDFC300311F3D /* Build configuration list for PBXProject "HW2" */ = {
			isa = XCConfigurationList;
			buildConfigurations = (
				1130041F2A4EDFC600311F3D /* Debug */,
				113004202A4EDFC600311F3D /* Release */,
			);
			defaultConfigurationIsVisible = 0;
			defaultConfigurationName = Release;
		};
		113004212A4EDFC600311F3D /* Build configuration list for PBXNativeTarget "HW2" */ = {
			isa = XCConfigurationList;
			buildConfigurations = (
				113004222A4EDFC600311F3D /* Debug */,
				113004232A4EDFC600311F3D /* Release */,
			);
			defaultConfigurationIsVisible = 0;
			defaultConfigurationName = Release;
		};
		113004242A4EDFC600311F3D /* Build configuration list for PBXNativeTarget "HW2Tests" */ = {
			isa = XCConfigurationList;
			buildConfigurations = (
				113004252A4EDFC600311F3D /* Debug */,
				113004262A4EDFC600311F3D /* Release */,
			);
			defaultConfigurationIsVisible = 0;
			defaultConfigurationName = Release;
		};
		113004272A4EDFC600311F3D /* Build configuration list for PBXNativeTarget "HW2UITests" */ = {
			isa = XCConfigurationList;
			buildConfigurations = (
				113004282A4EDFC600311F3D /* Debug */,
				113004292A4EDFC600311F3D /* Release */,
			);
			defaultConfigurationIsVisible = 0;
			defaultConfigurationName = Release;
		};
/* End XCConfigurationList section */
	};
	rootObject = 113003EF2A4EDFC300311F3D /* Project object */;
}
